
Microsoft Visual Studio Solution File, Format Version 11.00
# Visual Studio 2010
Project("{FAE04EC0-301F-11D3-BF4B-00C04F79EFBC}") = "LINQChapter23", "LINQChapter23\LINQChapter23.csproj", "{2AD589D7-F610-4A69-9922-33B39E1E848E}"
EndProject
Global
	GlobalSection(SolutionConfigurationPlatforms) = preSolution
		Debug|x86 = Debug|x86
		Release|x86 = Release|x86
	EndGlobalSection
	GlobalSection(ProjectConfigurationPlatforms) = postSolution
		{2AD589D7-F610-4A69-9922-33B39E1E848E}.Debug|x86.ActiveCfg = Debug|x86
		{2AD589D7-F610-4A69-9922-33B39E1E848E}.Debug|x86.Build.0 = Debug|x86
		{2AD589D7-F610-4A69-9922-33B39E1E848E}.Release|x86.ActiveCfg = Release|x86
		{2AD589D7-F610-4A69-9922-33B39E1E848E}.Release|x86.Build.0 = Release|x86
	EndGlobalSection
	GlobalSection(SolutionProperties) = preSolution
		HideSolutionNode = FALSE
	EndGlobalSection
EndGlobal
