
Microsoft Visual Studio Solution File, Format Version 11.00
# Visual Studio 2010
Project("{FAE04EC0-301F-11D3-BF4B-00C04F79EFBC}") = "LINQChapter11", "LINQChapter11\LINQChapter11.csproj", "{95F11759-755C-4159-9247-35DE68329460}"
EndProject
Global
	GlobalSection(SolutionConfigurationPlatforms) = preSolution
		Debug|Any CPU = Debug|Any CPU
		Release|Any CPU = Release|Any CPU
	EndGlobalSection
	GlobalSection(ProjectConfigurationPlatforms) = postSolution
		{95F11759-755C-4159-9247-35DE68329460}.Debug|Any CPU.ActiveCfg = Debug|Any CPU
		{95F11759-755C-4159-9247-35DE68329460}.Debug|Any CPU.Build.0 = Debug|Any CPU
		{95F11759-755C-4159-9247-35DE68329460}.Release|Any CPU.ActiveCfg = Release|Any CPU
		{95F11759-755C-4159-9247-35DE68329460}.Release|Any CPU.Build.0 = Release|Any CPU
	EndGlobalSection
	GlobalSection(SolutionProperties) = preSolution
		HideSolutionNode = FALSE
	EndGlobalSection
EndGlobal
