
Microsoft Visual Studio Solution File, Format Version 11.00
# Visual Studio 2010
Project("{FAE04EC0-301F-11D3-BF4B-00C04F79EFBC}") = "LINQChapter14", "LINQChapter14\LINQChapter14.csproj", "{9A0419A5-065B-49D6-B3B0-B4957A3BAA67}"
EndProject
Global
	GlobalSection(SolutionConfigurationPlatforms) = preSolution
		Debug|Any CPU = Debug|Any CPU
		Release|Any CPU = Release|Any CPU
	EndGlobalSection
	GlobalSection(ProjectConfigurationPlatforms) = postSolution
		{9A0419A5-065B-49D6-B3B0-B4957A3BAA67}.Debug|Any CPU.ActiveCfg = Debug|Any CPU
		{9A0419A5-065B-49D6-B3B0-B4957A3BAA67}.Debug|Any CPU.Build.0 = Debug|Any CPU
		{9A0419A5-065B-49D6-B3B0-B4957A3BAA67}.Release|Any CPU.ActiveCfg = Release|Any CPU
		{9A0419A5-065B-49D6-B3B0-B4957A3BAA67}.Release|Any CPU.Build.0 = Release|Any CPU
	EndGlobalSection
	GlobalSection(SolutionProperties) = preSolution
		HideSolutionNode = FALSE
	EndGlobalSection
EndGlobal
