
Microsoft Visual Studio Solution File, Format Version 11.00
# Visual Studio 2010
Project("{FAE04EC0-301F-11D3-BF4B-00C04F79EFBC}") = "LINQChapter19", "LINQChapter19\LINQChapter19.csproj", "{CA36296B-E67E-4A59-951A-F6BD7D9FC718}"
EndProject
Global
	GlobalSection(SolutionConfigurationPlatforms) = preSolution
		Debug|x86 = Debug|x86
		Release|x86 = Release|x86
	EndGlobalSection
	GlobalSection(ProjectConfigurationPlatforms) = postSolution
		{CA36296B-E67E-4A59-951A-F6BD7D9FC718}.Debug|x86.ActiveCfg = Debug|x86
		{CA36296B-E67E-4A59-951A-F6BD7D9FC718}.Debug|x86.Build.0 = Debug|x86
		{CA36296B-E67E-4A59-951A-F6BD7D9FC718}.Release|x86.ActiveCfg = Release|x86
		{CA36296B-E67E-4A59-951A-F6BD7D9FC718}.Release|x86.Build.0 = Release|x86
	EndGlobalSection
	GlobalSection(SolutionProperties) = preSolution
		HideSolutionNode = FALSE
	EndGlobalSection
EndGlobal
